
Microsoft Visual Studio Solution File, Format Version 12.00
# Visual Studio Version 16
VisualStudioVersion = 16.0.33130.400
MinimumVisualStudioVersion = 10.0.40219.1
Project("{FAE04EC0-301F-11D3-BF4B-00C04F79EFBC}") = "MvcOnlineTicariOtomasyon", "MvcOnlineTicariOtomasyon\MvcOnlineTicariOtomasyon.csproj", "{D48C284B-2C79-4FF2-ACE4-1F730DB21FE5}"
EndProject
Global
	GlobalSection(SolutionConfigurationPlatforms) = preSolution
		Debug|Any CPU = Debug|Any CPU
		Release|Any CPU = Release|Any CPU
	EndGlobalSection
	GlobalSection(ProjectConfigurationPlatforms) = postSolution
		{D48C284B-2C79-4FF2-ACE4-1F730DB21FE5}.Debug|Any CPU.ActiveCfg = Debug|Any CPU
		{D48C284B-2C79-4FF2-ACE4-1F730DB21FE5}.Debug|Any CPU.Build.0 = Debug|Any CPU
		{D48C284B-2C79-4FF2-ACE4-1F730DB21FE5}.Release|Any CPU.ActiveCfg = Release|Any CPU
		{D48C284B-2C79-4FF2-ACE4-1F730DB21FE5}.Release|Any CPU.Build.0 = Release|Any CPU
	EndGlobalSection
	GlobalSection(SolutionProperties) = preSolution
		HideSolutionNode = FALSE
	EndGlobalSection
	GlobalSection(ExtensibilityGlobals) = postSolution
		SolutionGuid = {0FBF9540-3765-4BFD-962E-5C4A0EAEAED0}
	EndGlobalSection
EndGlobal
